
Microsoft Visual Studio Solution File, Format Version 12.00
# Visual Studio Version 16
VisualStudioVersion = 16.0.30711.63
MinimumVisualStudioVersion = 10.0.40219.1
Project("{FAE04EC0-301F-11D3-BF4B-00C04F79EFBC}") = "MoodAnalyZerProblem", "MoodAnalyZerProblem\MoodAnalyZerProblem.csproj", "{357796DC-B345-44D7-B335-946127D0F474}"
EndProject
Project("{FAE04EC0-301F-11D3-BF4B-00C04F79EFBC}") = "MoodAnalyseTest", "MoodAnalyseTest\MoodAnalyseTest.csproj", "{4E29CBDF-B5D6-483E-8586-909ECA2A81F0}"
EndProject
Global
	GlobalSection(SolutionConfigurationPlatforms) = preSolution
		Debug|Any CPU = Debug|Any CPU
		Release|Any CPU = Release|Any CPU
	EndGlobalSection
	GlobalSection(ProjectConfigurationPlatforms) = postSolution
		{357796DC-B345-44D7-B335-946127D0F474}.Debug|Any CPU.ActiveCfg = Debug|Any CPU
		{357796DC-B345-44D7-B335-946127D0F474}.Debug|Any CPU.Build.0 = Debug|Any CPU
		{357796DC-B345-44D7-B335-946127D0F474}.Release|Any CPU.ActiveCfg = Release|Any CPU
		{357796DC-B345-44D7-B335-946127D0F474}.Release|Any CPU.Build.0 = Release|Any CPU
		{4E29CBDF-B5D6-483E-8586-909ECA2A81F0}.Debug|Any CPU.ActiveCfg = Debug|Any CPU
		{4E29CBDF-B5D6-483E-8586-909ECA2A81F0}.Debug|Any CPU.Build.0 = Debug|Any CPU
		{4E29CBDF-B5D6-483E-8586-909ECA2A81F0}.Release|Any CPU.ActiveCfg = Release|Any CPU
		{4E29CBDF-B5D6-483E-8586-909ECA2A81F0}.Release|Any CPU.Build.0 = Release|Any CPU
	EndGlobalSection
	GlobalSection(SolutionProperties) = preSolution
		HideSolutionNode = FALSE
	EndGlobalSection
	GlobalSection(ExtensibilityGlobals) = postSolution
		SolutionGuid = {7C37CCBA-B0DA-4A42-82C9-1D21CBE868B7}
	EndGlobalSection
EndGlobal
